
Microsoft Visual Studio Solution File, Format Version 12.00
# Visual Studio Version 17
VisualStudioVersion = 17.5.002.0
MinimumVisualStudioVersion = 10.0.40219.1
Project("{9A19103F-16F7-4668-BE54-9A1E7A4F7556}") = "Datingapp", "Datingapp.csproj", "{CC48B368-D36A-413F-9321-8E00E7CC23EA}"
EndProject
Global
	GlobalSection(SolutionConfigurationPlatforms) = preSolution
		Debug|Any CPU = Debug|Any CPU
		Release|Any CPU = Release|Any CPU
	EndGlobalSection
	GlobalSection(ProjectConfigurationPlatforms) = postSolution
		{CC48B368-D36A-413F-9321-8E00E7CC23EA}.Debug|Any CPU.ActiveCfg = Debug|Any CPU
		{CC48B368-D36A-413F-9321-8E00E7CC23EA}.Debug|Any CPU.Build.0 = Debug|Any CPU
		{CC48B368-D36A-413F-9321-8E00E7CC23EA}.Release|Any CPU.ActiveCfg = Release|Any CPU
		{CC48B368-D36A-413F-9321-8E00E7CC23EA}.Release|Any CPU.Build.0 = Release|Any CPU
	EndGlobalSection
	GlobalSection(SolutionProperties) = preSolution
		HideSolutionNode = FALSE
	EndGlobalSection
	GlobalSection(ExtensibilityGlobals) = postSolution
		SolutionGuid = {C4650D81-A1AC-4D54-AF0C-6494FC64A0E4}
	EndGlobalSection
EndGlobal
